PODS:
  - EverLayout (0.6.0):
    - Socket.IO-Client-Swift (= 8.3.3)
  - Socket.IO-Client-Swift (8.3.3)

DEPENDENCIES:
  - EverLayout (from `../`)

EXTERNAL SOURCES:
  EverLayout:
    :path: "../"

SPEC CHECKSUMS:
  EverLayout: 6de2c3c619dc33d7625a0c66a9faef2e010e48c4
  Socket.IO-Client-Swift: a2faffdbde89c63aebc5d631041530c1068b02b8

PODFILE CHECKSUM: 06b7688dbc377f0430ee5ad14ec5bc0f5ac0eaf5

COCOAPODS: 1.2.1
