PODS:
  - EverLayout (0.8.2):
    - Socket.IO-Client-Swift (= 8.3.3)
  - Socket.IO-Client-Swift (8.3.3)

DEPENDENCIES:
  - EverLayout (from `../`)

EXTERNAL SOURCES:
  EverLayout:
    :path: "../"

SPEC CHECKSUMS:
  EverLayout: 88bf2c50aab06857cfebd25df5fcacaf899005b0
  Socket.IO-Client-Swift: a2faffdbde89c63aebc5d631041530c1068b02b8

PODFILE CHECKSUM: 3ad4d29e3ae7babd77c018b416f6c4731d8e4c44

COCOAPODS: 1.2.1
