// !$*UTF8*$!
{
	archiveVersion = 1;
	classes = {
	};
	objectVersion = 46;
	objects = {

/* Begin PBXBuildFile section */
		2D25780E1E4B719E0005BDA0 /* EverLayoutDelegate.swift in Sources */ = {isa = PBXBuildFile; fileRef = 2D25780D1E4B719E0005BDA0 /* EverLayoutDelegate.swift */; };
		2D57FA461E46171F0043B897 /* EverLayout.h in Headers */ = {isa = PBXBuildFile; fileRef = 2D57FA441E46171F0043B897 /* EverLayout.h */; settings = {ATTRIBUTES = (Public, ); }; };
		2D57FA551E4617BB0043B897 /* UIColor+EverLayout.swift in Sources */ = {isa = PBXBuildFile; fileRef = 2D57FA521E4617BB0043B897 /* UIColor+EverLayout.swift */; };
		2D57FA561E4617BB0043B897 /* NSObject+EverLayout.swift in Sources */ = {isa = PBXBuildFile; fileRef = 2D57FA531E4617BB0043B897 /* NSObject+EverLayout.swift */; };
		2D57FA571E4617BB0043B897 /* String+EverLayout.swift in Sources */ = {isa = PBXBuildFile; fileRef = 2D57FA541E4617BB0043B897 /* String+EverLayout.swift */; };
		2D57FA631E4617C80043B897 /* EverLayout.swift in Sources */ = {isa = PBXBuildFile; fileRef = 2D57FA581E4617C80043B897 /* EverLayout.swift */; };
		2D57FA641E4617C80043B897 /* EverLayoutConfiguration.swift in Sources */ = {isa = PBXBuildFile; fileRef = 2D57FA591E4617C80043B897 /* EverLayoutConfiguration.swift */; };
		2D57FA651E4617C80043B897 /* ELRawData.swift in Sources */ = {isa = PBXBuildFile; fileRef = 2D57FA5A1E4617C80043B897 /* ELRawData.swift */; };
		2D57FA661E4617C80043B897 /* ELView.swift in Sources */ = {isa = PBXBuildFile; fileRef = 2D57FA5B1E4617C80043B897 /* ELView.swift */; };
		2D57FA671E4617C80043B897 /* ELConstraint.swift in Sources */ = {isa = PBXBuildFile; fileRef = 2D57FA5C1E4617C80043B897 /* ELConstraint.swift */; };
		2D57FA681E4617C80043B897 /* ELViewProperty.swift in Sources */ = {isa = PBXBuildFile; fileRef = 2D57FA5D1E4617C80043B897 /* ELViewProperty.swift */; };
		2D57FA691E4617C80043B897 /* ViewIndex.swift in Sources */ = {isa = PBXBuildFile; fileRef = 2D57FA5E1E4617C80043B897 /* ViewIndex.swift */; };
		2D57FA6A1E4617C80043B897 /* ELConstraintConstant.swift in Sources */ = {isa = PBXBuildFile; fileRef = 2D57FA5F1E4617C80043B897 /* ELConstraintConstant.swift */; };
		2D57FA6B1E4617C80043B897 /* ELConstraintMultiplier.swift in Sources */ = {isa = PBXBuildFile; fileRef = 2D57FA601E4617C80043B897 /* ELConstraintMultiplier.swift */; };
		2D57FA6C1E4617C80043B897 /* ELConstraintContext.swift in Sources */ = {isa = PBXBuildFile; fileRef = 2D57FA611E4617C80043B897 /* ELConstraintContext.swift */; };
		2D57FA6D1E4617C80043B897 /* ELReporter.swift in Sources */ = {isa = PBXBuildFile; fileRef = 2D57FA621E4617C80043B897 /* ELReporter.swift */; };
		2D57FA721E4617D40043B897 /* LayoutIndexJSONParser.swift in Sources */ = {isa = PBXBuildFile; fileRef = 2D57FA6E1E4617D40043B897 /* LayoutIndexJSONParser.swift */; };
		2D57FA731E4617D40043B897 /* LayoutViewJSONParser.swift in Sources */ = {isa = PBXBuildFile; fileRef = 2D57FA6F1E4617D40043B897 /* LayoutViewJSONParser.swift */; };
		2D57FA741E4617D40043B897 /* LayoutConstraintJSONParser.swift in Sources */ = {isa = PBXBuildFile; fileRef = 2D57FA701E4617D40043B897 /* LayoutConstraintJSONParser.swift */; };
		2D57FA751E4617D40043B897 /* LayoutPropertyJSONParser.swift in Sources */ = {isa = PBXBuildFile; fileRef = 2D57FA711E4617D40043B897 /* LayoutPropertyJSONParser.swift */; };
		2D57FA7B1E46181C0043B897 /* LayoutParser.swift in Sources */ = {isa = PBXBuildFile; fileRef = 2D57FA761E46181C0043B897 /* LayoutParser.swift */; };
		2D57FA7C1E46181C0043B897 /* LayoutIndexParser.swift in Sources */ = {isa = PBXBuildFile; fileRef = 2D57FA771E46181C0043B897 /* LayoutIndexParser.swift */; };
		2D57FA7D1E46181C0043B897 /* LayoutViewParser.swift in Sources */ = {isa = PBXBuildFile; fileRef = 2D57FA781E46181C0043B897 /* LayoutViewParser.swift */; };
		2D57FA7E1E46181C0043B897 /* LayoutConstraintParser.swift in Sources */ = {isa = PBXBuildFile; fileRef = 2D57FA791E46181C0043B897 /* LayoutConstraintParser.swift */; };
		2D57FA7F1E46181C0043B897 /* LayoutPropertyParser.swift in Sources */ = {isa = PBXBuildFile; fileRef = 2D57FA7A1E46181C0043B897 /* LayoutPropertyParser.swift */; };
		2D57FA851E46182E0043B897 /* PropertyResolver.swift in Sources */ = {isa = PBXBuildFile; fileRef = 2D57FA801E46182E0043B897 /* PropertyResolver.swift */; };
		2D57FA861E46182E0043B897 /* ImageViewPropertyResolver.swift in Sources */ = {isa = PBXBuildFile; fileRef = 2D57FA811E46182E0043B897 /* ImageViewPropertyResolver.swift */; };
		2D57FA871E46182E0043B897 /* ScrollViewPropertyResolver.swift in Sources */ = {isa = PBXBuildFile; fileRef = 2D57FA821E46182E0043B897 /* ScrollViewPropertyResolver.swift */; };
		2D57FA881E46182E0043B897 /* LabelPropertyResolver.swift in Sources */ = {isa = PBXBuildFile; fileRef = 2D57FA831E46182E0043B897 /* LabelPropertyResolver.swift */; };
		2D57FA891E46182E0043B897 /* ButtonPropertyResolver.swift in Sources */ = {isa = PBXBuildFile; fileRef = 2D57FA841E46182E0043B897 /* ButtonPropertyResolver.swift */; };
		2D57FA8F1E4618610043B897 /* EverLayoutBridge.swift in Sources */ = {isa = PBXBuildFile; fileRef = 2D57FA8E1E4618610043B897 /* EverLayoutBridge.swift */; };
		2D659AA91E54990900D11E20 /* UIView+EverLayout.swift in Sources */ = {isa = PBXBuildFile; fileRef = 2D659AA81E54990900D11E20 /* UIView+EverLayout.swift */; };
		2DA7C8351E5F25BF00CF75DB /* LayoutIndexXMLParser.swift in Sources */ = {isa = PBXBuildFile; fileRef = 2DA7C8341E5F25BF00CF75DB /* LayoutIndexXMLParser.swift */; };
		2DA7C8371E5F27F800CF75DB /* LayoutViewXMLParser.swift in Sources */ = {isa = PBXBuildFile; fileRef = 2DA7C8361E5F27F800CF75DB /* LayoutViewXMLParser.swift */; };
		2DA7C83B1E5F2C3300CF75DB /* LayoutPropertyXMLParser.swift in Sources */ = {isa = PBXBuildFile; fileRef = 2DA7C83A1E5F2C3300CF75DB /* LayoutPropertyXMLParser.swift */; };
		2DA7C83D1E5F2E7100CF75DB /* LayoutConstraintXMLParser.swift in Sources */ = {isa = PBXBuildFile; fileRef = 2DA7C83C1E5F2E7100CF75DB /* LayoutConstraintXMLParser.swift */; };
		2DBAE95C1E5DCE9200677D98 /* ELJSON.swift in Sources */ = {isa = PBXBuildFile; fileRef = 2DBAE95B1E5DCE9200677D98 /* ELJSON.swift */; };
		2DD12DAD1E4C9B2300F2057B /* EverLayoutBuilder.swift in Sources */ = {isa = PBXBuildFile; fileRef = 2DD12DAC1E4C9B2300F2057B /* EverLayoutBuilder.swift */; };
		EA01C956B704AD23AD1A518C /* Pods_EverLayout.framework in Frameworks */ = {isa = PBXBuildFile; fileRef = FE5D92620B2DE9A9ADA5C599 /* Pods_EverLayout.framework */; };
/* End PBXBuildFile section */

/* Begin PBXFileReference section */
		2D25780D1E4B719E0005BDA0 /* EverLayoutDelegate.swift */ = {isa = PBXFileReference; fileEncoding = 4; lastKnownFileType = sourcecode.swift; path = EverLayoutDelegate.swift; sourceTree = "<group>"; };
		2D57FA411E46171F0043B897 /* EverLayout.framework */ = {isa = PBXFileReference; explicitFileType = wrapper.framework; includeInIndex = 0; path = EverLayout.framework; sourceTree = BUILT_PRODUCTS_DIR; };
		2D57FA441E46171F0043B897 /* EverLayout.h */ = {isa = PBXFileReference; lastKnownFileType = sourcecode.c.h; path = EverLayout.h; sourceTree = "<group>"; };
		2D57FA451E46171F0043B897 /* Info.plist */ = {isa = PBXFileReference; lastKnownFileType = text.plist.xml; path = Info.plist; sourceTree = "<group>"; };
		2D57FA521E4617BB0043B897 /* UIColor+EverLayout.swift */ = {isa = PBXFileReference; fileEncoding = 4; lastKnownFileType = sourcecode.swift; path = "UIColor+EverLayout.swift"; sourceTree = "<group>"; };
		2D57FA531E4617BB0043B897 /* NSObject+EverLayout.swift */ = {isa = PBXFileReference; fileEncoding = 4; lastKnownFileType = sourcecode.swift; path = "NSObject+EverLayout.swift"; sourceTree = "<group>"; };
		2D57FA541E4617BB0043B897 /* String+EverLayout.swift */ = {isa = PBXFileReference; fileEncoding = 4; lastKnownFileType = sourcecode.swift; path = "String+EverLayout.swift"; sourceTree = "<group>"; };
		2D57FA581E4617C80043B897 /* EverLayout.swift */ = {isa = PBXFileReference; fileEncoding = 4; lastKnownFileType = sourcecode.swift; path = EverLayout.swift; sourceTree = "<group>"; };
		2D57FA591E4617C80043B897 /* EverLayoutConfiguration.swift */ = {isa = PBXFileReference; fileEncoding = 4; lastKnownFileType = sourcecode.swift; path = EverLayoutConfiguration.swift; sourceTree = "<group>"; };
		2D57FA5A1E4617C80043B897 /* ELRawData.swift */ = {isa = PBXFileReference; fileEncoding = 4; lastKnownFileType = sourcecode.swift; path = ELRawData.swift; sourceTree = "<group>"; };
		2D57FA5B1E4617C80043B897 /* ELView.swift */ = {isa = PBXFileReference; fileEncoding = 4; lastKnownFileType = sourcecode.swift; path = ELView.swift; sourceTree = "<group>"; };
		2D57FA5C1E4617C80043B897 /* ELConstraint.swift */ = {isa = PBXFileReference; fileEncoding = 4; lastKnownFileType = sourcecode.swift; path = ELConstraint.swift; sourceTree = "<group>"; };
		2D57FA5D1E4617C80043B897 /* ELViewProperty.swift */ = {isa = PBXFileReference; fileEncoding = 4; lastKnownFileType = sourcecode.swift; path = ELViewProperty.swift; sourceTree = "<group>"; };
		2D57FA5E1E4617C80043B897 /* ViewIndex.swift */ = {isa = PBXFileReference; fileEncoding = 4; lastKnownFileType = sourcecode.swift; path = ViewIndex.swift; sourceTree = "<group>"; };
		2D57FA5F1E4617C80043B897 /* ELConstraintConstant.swift */ = {isa = PBXFileReference; fileEncoding = 4; lastKnownFileType = sourcecode.swift; path = ELConstraintConstant.swift; sourceTree = "<group>"; };
		2D57FA601E4617C80043B897 /* ELConstraintMultiplier.swift */ = {isa = PBXFileReference; fileEncoding = 4; lastKnownFileType = sourcecode.swift; path = ELConstraintMultiplier.swift; sourceTree = "<group>"; };
		2D57FA611E4617C80043B897 /* ELConstraintContext.swift */ = {isa = PBXFileReference; fileEncoding = 4; lastKnownFileType = sourcecode.swift; path = ELConstraintContext.swift; sourceTree = "<group>"; };
		2D57FA621E4617C80043B897 /* ELReporter.swift */ = {isa = PBXFileReference; fileEncoding = 4; lastKnownFileType = sourcecode.swift; path = ELReporter.swift; sourceTree = "<group>"; };
		2D57FA6E1E4617D40043B897 /* LayoutIndexJSONParser.swift */ = {isa = PBXFileReference; fileEncoding = 4; lastKnownFileType = sourcecode.swift; path = LayoutIndexJSONParser.swift; sourceTree = "<group>"; };
		2D57FA6F1E4617D40043B897 /* LayoutViewJSONParser.swift */ = {isa = PBXFileReference; fileEncoding = 4; lastKnownFileType = sourcecode.swift; path = LayoutViewJSONParser.swift; sourceTree = "<group>"; };
		2D57FA701E4617D40043B897 /* LayoutConstraintJSONParser.swift */ = {isa = PBXFileReference; fileEncoding = 4; lastKnownFileType = sourcecode.swift; path = LayoutConstraintJSONParser.swift; sourceTree = "<group>"; };
		2D57FA711E4617D40043B897 /* LayoutPropertyJSONParser.swift */ = {isa = PBXFileReference; fileEncoding = 4; lastKnownFileType = sourcecode.swift; path = LayoutPropertyJSONParser.swift; sourceTree = "<group>"; };
		2D57FA761E46181C0043B897 /* LayoutParser.swift */ = {isa = PBXFileReference; fileEncoding = 4; lastKnownFileType = sourcecode.swift; path = LayoutParser.swift; sourceTree = "<group>"; };
		2D57FA771E46181C0043B897 /* LayoutIndexParser.swift */ = {isa = PBXFileReference; fileEncoding = 4; lastKnownFileType = sourcecode.swift; path = LayoutIndexParser.swift; sourceTree = "<group>"; };
		2D57FA781E46181C0043B897 /* LayoutViewParser.swift */ = {isa = PBXFileReference; fileEncoding = 4; lastKnownFileType = sourcecode.swift; path = LayoutViewParser.swift; sourceTree = "<group>"; };
		2D57FA791E46181C0043B897 /* LayoutConstraintParser.swift */ = {isa = PBXFileReference; fileEncoding = 4; lastKnownFileType = sourcecode.swift; path = LayoutConstraintParser.swift; sourceTree = "<group>"; };
		2D57FA7A1E46181C0043B897 /* LayoutPropertyParser.swift */ = {isa = PBXFileReference; fileEncoding = 4; lastKnownFileType = sourcecode.swift; path = LayoutPropertyParser.swift; sourceTree = "<group>"; };
		2D57FA801E46182E0043B897 /* PropertyResolver.swift */ = {isa = PBXFileReference; fileEncoding = 4; lastKnownFileType = sourcecode.swift; path = PropertyResolver.swift; sourceTree = "<group>"; };
		2D57FA811E46182E0043B897 /* ImageViewPropertyResolver.swift */ = {isa = PBXFileReference; fileEncoding = 4; lastKnownFileType = sourcecode.swift; path = ImageViewPropertyResolver.swift; sourceTree = "<group>"; };
		2D57FA821E46182E0043B897 /* ScrollViewPropertyResolver.swift */ = {isa = PBXFileReference; fileEncoding = 4; lastKnownFileType = sourcecode.swift; path = ScrollViewPropertyResolver.swift; sourceTree = "<group>"; };
		2D57FA831E46182E0043B897 /* LabelPropertyResolver.swift */ = {isa = PBXFileReference; fileEncoding = 4; lastKnownFileType = sourcecode.swift; path = LabelPropertyResolver.swift; sourceTree = "<group>"; };
		2D57FA841E46182E0043B897 /* ButtonPropertyResolver.swift */ = {isa = PBXFileReference; fileEncoding = 4; lastKnownFileType = sourcecode.swift; path = ButtonPropertyResolver.swift; sourceTree = "<group>"; };
		2D57FA8E1E4618610043B897 /* EverLayoutBridge.swift */ = {isa = PBXFileReference; fileEncoding = 4; lastKnownFileType = sourcecode.swift; path = EverLayoutBridge.swift; sourceTree = "<group>"; };
		2D659AA81E54990900D11E20 /* UIView+EverLayout.swift */ = {isa = PBXFileReference; fileEncoding = 4; lastKnownFileType = sourcecode.swift; path = "UIView+EverLayout.swift"; sourceTree = "<group>"; };
		2DA7C8341E5F25BF00CF75DB /* LayoutIndexXMLParser.swift */ = {isa = PBXFileReference; fileEncoding = 4; lastKnownFileType = sourcecode.swift; path = LayoutIndexXMLParser.swift; sourceTree = "<group>"; };
		2DA7C8361E5F27F800CF75DB /* LayoutViewXMLParser.swift */ = {isa = PBXFileReference; fileEncoding = 4; lastKnownFileType = sourcecode.swift; path = LayoutViewXMLParser.swift; sourceTree = "<group>"; };
		2DA7C83A1E5F2C3300CF75DB /* LayoutPropertyXMLParser.swift */ = {isa = PBXFileReference; fileEncoding = 4; lastKnownFileType = sourcecode.swift; path = LayoutPropertyXMLParser.swift; sourceTree = "<group>"; };
		2DA7C83C1E5F2E7100CF75DB /* LayoutConstraintXMLParser.swift */ = {isa = PBXFileReference; fileEncoding = 4; lastKnownFileType = sourcecode.swift; path = LayoutConstraintXMLParser.swift; sourceTree = "<group>"; };
		2DBAE95B1E5DCE9200677D98 /* ELJSON.swift */ = {isa = PBXFileReference; fileEncoding = 4; lastKnownFileType = sourcecode.swift; path = ELJSON.swift; sourceTree = "<group>"; };
		2DD12DAC1E4C9B2300F2057B /* EverLayoutBuilder.swift */ = {isa = PBXFileReference; fileEncoding = 4; lastKnownFileType = sourcecode.swift; path = EverLayoutBuilder.swift; sourceTree = "<group>"; };
		4772F178EAD6DE88DFC74BFB /* Pods-EverLayout.debug.xcconfig */ = {isa = PBXFileReference; includeInIndex = 1; lastKnownFileType = text.xcconfig; name = "Pods-EverLayout.debug.xcconfig"; path = "Pods/Target Support Files/Pods-EverLayout/Pods-EverLayout.debug.xcconfig"; sourceTree = "<group>"; };
		FB1E0A82314DB2E45DC79A7B /* Pods-EverLayout.release.xcconfig */ = {isa = PBXFileReference; includeInIndex = 1; lastKnownFileType = text.xcconfig; name = "Pods-EverLayout.release.xcconfig"; path = "Pods/Target Support Files/Pods-EverLayout/Pods-EverLayout.release.xcconfig"; sourceTree = "<group>"; };
		FE5D92620B2DE9A9ADA5C599 /* Pods_EverLayout.framework */ = {isa = PBXFileReference; explicitFileType = wrapper.framework; includeInIndex = 0; path = Pods_EverLayout.framework; sourceTree = BUILT_PRODUCTS_DIR; };
/* End PBXFileReference section */

/* Begin PBXFrameworksBuildPhase section */
		2D57FA3D1E46171E0043B897 /* Frameworks */ = {
			isa = PBXFrameworksBuildPhase;
			buildActionMask = 2147483647;
			files = (
				EA01C956B704AD23AD1A518C /* Pods_EverLayout.framework in Frameworks */,
			);
			runOnlyForDeploymentPostprocessing = 0;
		};
/* End PBXFrameworksBuildPhase section */

/* Begin PBXGroup section */
		2D57FA371E46171E0043B897 = {
			isa = PBXGroup;
			children = (
				2D57FA431E46171F0043B897 /* EverLayout */,
				2D57FA421E46171F0043B897 /* Products */,
				E61A2BC078EEB030144B1EF3 /* Pods */,
				61E72D646280AA3EBC0D1FE0 /* Frameworks */,
			);
			sourceTree = "<group>";
		};
		2D57FA421E46171F0043B897 /* Products */ = {
			isa = PBXGroup;
			children = (
				2D57FA411E46171F0043B897 /* EverLayout.framework */,
			);
			name = Products;
			sourceTree = "<group>";
		};
		2D57FA431E46171F0043B897 /* EverLayout */ = {
			isa = PBXGroup;
			children = (
				2D57FA501E4617540043B897 /* Resolvers */,
				2D57FA4F1E46174C0043B897 /* Protocols */,
				2D57FA4E1E4617440043B897 /* Parsers */,
				2D57FA4D1E46173A0043B897 /* Model */,
				2D57FA4C1E4617290043B897 /* Extensions */,
				2D57FA441E46171F0043B897 /* EverLayout.h */,
				2D57FA451E46171F0043B897 /* Info.plist */,
				2D57FA8E1E4618610043B897 /* EverLayoutBridge.swift */,
			);
			path = EverLayout;
			sourceTree = "<group>";
		};
		2D57FA4C1E4617290043B897 /* Extensions */ = {
			isa = PBXGroup;
			children = (
				2D57FA521E4617BB0043B897 /* UIColor+EverLayout.swift */,
				2D57FA531E4617BB0043B897 /* NSObject+EverLayout.swift */,
				2D57FA541E4617BB0043B897 /* String+EverLayout.swift */,
				2D659AA81E54990900D11E20 /* UIView+EverLayout.swift */,
			);
			path = Extensions;
			sourceTree = "<group>";
		};
		2D57FA4D1E46173A0043B897 /* Model */ = {
			isa = PBXGroup;
			children = (
				2DD12DAC1E4C9B2300F2057B /* EverLayoutBuilder.swift */,
				2D57FA581E4617C80043B897 /* EverLayout.swift */,
				2D57FA591E4617C80043B897 /* EverLayoutConfiguration.swift */,
				2D57FA5A1E4617C80043B897 /* ELRawData.swift */,
				2D57FA5B1E4617C80043B897 /* ELView.swift */,
				2D57FA5C1E4617C80043B897 /* ELConstraint.swift */,
				2D57FA5D1E4617C80043B897 /* ELViewProperty.swift */,
				2D57FA5E1E4617C80043B897 /* ViewIndex.swift */,
				2D57FA5F1E4617C80043B897 /* ELConstraintConstant.swift */,
				2D57FA601E4617C80043B897 /* ELConstraintMultiplier.swift */,
				2D57FA611E4617C80043B897 /* ELConstraintContext.swift */,
				2D57FA621E4617C80043B897 /* ELReporter.swift */,
			);
			path = Model;
			sourceTree = "<group>";
		};
		2D57FA4E1E4617440043B897 /* Parsers */ = {
			isa = PBXGroup;
			children = (
				2DA7C8331E5F256B00CF75DB /* XML */,
				2DA7C8321E5F254300CF75DB /* JSON */,
			);
			path = Parsers;
			sourceTree = "<group>";
		};
		2D57FA4F1E46174C0043B897 /* Protocols */ = {
			isa = PBXGroup;
			children = (
				2D57FA761E46181C0043B897 /* LayoutParser.swift */,
				2D57FA771E46181C0043B897 /* LayoutIndexParser.swift */,
				2D57FA781E46181C0043B897 /* LayoutViewParser.swift */,
				2D57FA791E46181C0043B897 /* LayoutConstraintParser.swift */,
				2D57FA7A1E46181C0043B897 /* LayoutPropertyParser.swift */,
				2D25780D1E4B719E0005BDA0 /* EverLayoutDelegate.swift */,
			);
			path = Protocols;
			sourceTree = "<group>";
		};
		2D57FA501E4617540043B897 /* Resolvers */ = {
			isa = PBXGroup;
			children = (
				2D57FA801E46182E0043B897 /* PropertyResolver.swift */,
				2D57FA811E46182E0043B897 /* ImageViewPropertyResolver.swift */,
				2D57FA821E46182E0043B897 /* ScrollViewPropertyResolver.swift */,
				2D57FA831E46182E0043B897 /* LabelPropertyResolver.swift */,
				2D57FA841E46182E0043B897 /* ButtonPropertyResolver.swift */,
			);
			path = Resolvers;
			sourceTree = "<group>";
		};
		2DA7C8321E5F254300CF75DB /* JSON */ = {
			isa = PBXGroup;
			children = (
				2DBAE95B1E5DCE9200677D98 /* ELJSON.swift */,
				2D57FA6E1E4617D40043B897 /* LayoutIndexJSONParser.swift */,
				2D57FA6F1E4617D40043B897 /* LayoutViewJSONParser.swift */,
				2D57FA701E4617D40043B897 /* LayoutConstraintJSONParser.swift */,
				2D57FA711E4617D40043B897 /* LayoutPropertyJSONParser.swift */,
			);
			path = JSON;
			sourceTree = "<group>";
		};
		2DA7C8331E5F256B00CF75DB /* XML */ = {
			isa = PBXGroup;
			children = (
				2DA7C8341E5F25BF00CF75DB /* LayoutIndexXMLParser.swift */,
				2DA7C8361E5F27F800CF75DB /* LayoutViewXMLParser.swift */,
				2DA7C83A1E5F2C3300CF75DB /* LayoutPropertyXMLParser.swift */,
				2DA7C83C1E5F2E7100CF75DB /* LayoutConstraintXMLParser.swift */,
			);
			path = XML;
			sourceTree = "<group>";
		};
		61E72D646280AA3EBC0D1FE0 /* Frameworks */ = {
			isa = PBXGroup;
			children = (
				FE5D92620B2DE9A9ADA5C599 /* Pods_EverLayout.framework */,
			);
			name = Frameworks;
			sourceTree = "<group>";
		};
		E61A2BC078EEB030144B1EF3 /* Pods */ = {
			isa = PBXGroup;
			children = (
				4772F178EAD6DE88DFC74BFB /* Pods-EverLayout.debug.xcconfig */,
				FB1E0A82314DB2E45DC79A7B /* Pods-EverLayout.release.xcconfig */,
			);
			name = Pods;
			sourceTree = "<group>";
		};
/* End PBXGroup section */

/* Begin PBXHeadersBuildPhase section */
		2D57FA3E1E46171E0043B897 /* Headers */ = {
			isa = PBXHeadersBuildPhase;
			buildActionMask = 2147483647;
			files = (
				2D57FA461E46171F0043B897 /* EverLayout.h in Headers */,
			);
			runOnlyForDeploymentPostprocessing = 0;
		};
/* End PBXHeadersBuildPhase section */

/* Begin PBXNativeTarget section */
		2D57FA401E46171E0043B897 /* EverLayout */ = {
			isa = PBXNativeTarget;
			buildConfigurationList = 2D57FA491E46171F0043B897 /* Build configuration list for PBXNativeTarget "EverLayout" */;
			buildPhases = (
				696919AF0BBA33E5C3ACBC87 /* [CP] Check Pods Manifest.lock */,
				2D57FA3C1E46171E0043B897 /* Sources */,
				2D57FA3D1E46171E0043B897 /* Frameworks */,
				2D57FA3E1E46171E0043B897 /* Headers */,
				2D57FA3F1E46171E0043B897 /* Resources */,
				64446AF2906E78FFC0425AF6 /* [CP] Copy Pods Resources */,
			);
			buildRules = (
			);
			dependencies = (
			);
			name = EverLayout;
			productName = EverLayout;
			productReference = 2D57FA411E46171F0043B897 /* EverLayout.framework */;
			productType = "com.apple.product-type.framework";
		};
/* End PBXNativeTarget section */

/* Begin PBXProject section */
		2D57FA381E46171E0043B897 /* Project object */ = {
			isa = PBXProject;
			attributes = {
				LastUpgradeCheck = 0820;
				ORGANIZATIONNAME = "Dale Webster";
				TargetAttributes = {
					2D57FA401E46171E0043B897 = {
						CreatedOnToolsVersion = 8.2.1;
						DevelopmentTeam = TXS69XU8F2;
						LastSwiftMigration = 0820;
						ProvisioningStyle = Automatic;
					};
				};
			};
			buildConfigurationList = 2D57FA3B1E46171E0043B897 /* Build configuration list for PBXProject "EverLayout" */;
			compatibilityVersion = "Xcode 3.2";
			developmentRegion = English;
			hasScannedForEncodings = 0;
			knownRegions = (
				en,
			);
			mainGroup = 2D57FA371E46171E0043B897;
			productRefGroup = 2D57FA421E46171F0043B897 /* Products */;
			projectDirPath = "";
			projectRoot = "";
			targets = (
				2D57FA401E46171E0043B897 /* EverLayout */,
			);
		};
/* End PBXProject section */

/* Begin PBXResourcesBuildPhase section */
		2D57FA3F1E46171E0043B897 /* Resources */ = {
			isa = PBXResourcesBuildPhase;
			buildActionMask = 2147483647;
			files = (
			);
			runOnlyForDeploymentPostprocessing = 0;
		};
/* End PBXResourcesBuildPhase section */

/* Begin PBXShellScriptBuildPhase section */
		64446AF2906E78FFC0425AF6 /* [CP] Copy Pods Resources */ = {
			isa = PBXShellScriptBuildPhase;
			buildActionMask = 2147483647;
			files = (
			);
			inputPaths = (
			);
			name = "[CP] Copy Pods Resources";
			outputPaths = (
			);
			runOnlyForDeploymentPostprocessing = 0;
			shellPath = /bin/sh;
			shellScript = "\"${SRCROOT}/Pods/Target Support Files/Pods-EverLayout/Pods-EverLayout-resources.sh\"\n";
			showEnvVarsInLog = 0;
		};
		696919AF0BBA33E5C3ACBC87 /* [CP] Check Pods Manifest.lock */ = {
			isa = PBXShellScriptBuildPhase;
			buildActionMask = 2147483647;
			files = (
			);
			inputPaths = (
			);
			name = "[CP] Check Pods Manifest.lock";
			outputPaths = (
			);
			runOnlyForDeploymentPostprocessing = 0;
			shellPath = /bin/sh;
			shellScript = "diff \"${PODS_ROOT}/../Podfile.lock\" \"${PODS_ROOT}/Manifest.lock\" > /dev/null\nif [ $? != 0 ] ; then\n    # print error to STDERR\n    echo \"error: The sandbox is not in sync with the Podfile.lock. Run 'pod install' or update your CocoaPods installation.\" >&2\n    exit 1\nfi\n";
			showEnvVarsInLog = 0;
		};
/* End PBXShellScriptBuildPhase section */

/* Begin PBXSourcesBuildPhase section */
		2D57FA3C1E46171E0043B897 /* Sources */ = {
			isa = PBXSourcesBuildPhase;
			buildActionMask = 2147483647;
			files = (
				2D57FA881E46182E0043B897 /* LabelPropertyResolver.swift in Sources */,
				2D57FA7D1E46181C0043B897 /* LayoutViewParser.swift in Sources */,
				2D57FA6D1E4617C80043B897 /* ELReporter.swift in Sources */,
				2D57FA871E46182E0043B897 /* ScrollViewPropertyResolver.swift in Sources */,
				2DA7C83B1E5F2C3300CF75DB /* LayoutPropertyXMLParser.swift in Sources */,
				2D57FA651E4617C80043B897 /* ELRawData.swift in Sources */,
				2D57FA661E4617C80043B897 /* ELView.swift in Sources */,
				2D659AA91E54990900D11E20 /* UIView+EverLayout.swift in Sources */,
				2D57FA671E4617C80043B897 /* ELConstraint.swift in Sources */,
				2D57FA741E4617D40043B897 /* LayoutConstraintJSONParser.swift in Sources */,
				2D57FA891E46182E0043B897 /* ButtonPropertyResolver.swift in Sources */,
				2DD12DAD1E4C9B2300F2057B /* EverLayoutBuilder.swift in Sources */,
				2D57FA8F1E4618610043B897 /* EverLayoutBridge.swift in Sources */,
				2D57FA691E4617C80043B897 /* ViewIndex.swift in Sources */,
				2D57FA6B1E4617C80043B897 /* ELConstraintMultiplier.swift in Sources */,
				2D57FA641E4617C80043B897 /* EverLayoutConfiguration.swift in Sources */,
				2DA7C8351E5F25BF00CF75DB /* LayoutIndexXMLParser.swift in Sources */,
				2D57FA721E4617D40043B897 /* LayoutIndexJSONParser.swift in Sources */,
				2D57FA7E1E46181C0043B897 /* LayoutConstraintParser.swift in Sources */,
				2D57FA7B1E46181C0043B897 /* LayoutParser.swift in Sources */,
				2D57FA851E46182E0043B897 /* PropertyResolver.swift in Sources */,
				2D57FA751E4617D40043B897 /* LayoutPropertyJSONParser.swift in Sources */,
				2DBAE95C1E5DCE9200677D98 /* ELJSON.swift in Sources */,
				2D57FA6A1E4617C80043B897 /* ELConstraintConstant.swift in Sources */,
				2D57FA7F1E46181C0043B897 /* LayoutPropertyParser.swift in Sources */,
				2D57FA861E46182E0043B897 /* ImageViewPropertyResolver.swift in Sources */,
				2D57FA6C1E4617C80043B897 /* ELConstraintContext.swift in Sources */,
				2D57FA551E4617BB0043B897 /* UIColor+EverLayout.swift in Sources */,
				2D25780E1E4B719E0005BDA0 /* EverLayoutDelegate.swift in Sources */,
				2DA7C8371E5F27F800CF75DB /* LayoutViewXMLParser.swift in Sources */,
				2DA7C83D1E5F2E7100CF75DB /* LayoutConstraintXMLParser.swift in Sources */,
				2D57FA731E4617D40043B897 /* LayoutViewJSONParser.swift in Sources */,
				2D57FA7C1E46181C0043B897 /* LayoutIndexParser.swift in Sources */,
				2D57FA571E4617BB0043B897 /* String+EverLayout.swift in Sources */,
				2D57FA561E4617BB0043B897 /* NSObject+EverLayout.swift in Sources */,
				2D57FA681E4617C80043B897 /* ELViewProperty.swift in Sources */,
				2D57FA631E4617C80043B897 /* EverLayout.swift in Sources */,
			);
			runOnlyForDeploymentPostprocessing = 0;
		};
/* End PBXSourcesBuildPhase section */

/* Begin XCBuildConfiguration section */
		2D57FA471E46171F0043B897 /* Debug */ = {
			isa = XCBuildConfiguration;
			buildSettings = {
				ALWAYS_SEARCH_USER_PATHS = NO;
				CLANG_ANALYZER_NONNULL = YES;
				CLANG_CXX_LANGUAGE_STANDARD = "gnu++0x";
				CLANG_CXX_LIBRARY = "libc++";
				CLANG_ENABLE_MODULES = YES;
				CLANG_ENABLE_OBJC_ARC = YES;
				CLANG_WARN_BOOL_CONVERSION = YES;
				CLANG_WARN_CONSTANT_CONVERSION = YES;
				CLANG_WARN_DIRECT_OBJC_ISA_USAGE = YES_ERROR;
				CLANG_WARN_DOCUMENTATION_COMMENTS = YES;
				CLANG_WARN_EMPTY_BODY = YES;
				CLANG_WARN_ENUM_CONVERSION = YES;
				CLANG_WARN_INFINITE_RECURSION = YES;
				CLANG_WARN_INT_CONVERSION = YES;
				CLANG_WARN_OBJC_ROOT_CLASS = YES_ERROR;
				CLANG_WARN_SUSPICIOUS_MOVE = YES;
				CLANG_WARN_UNREACHABLE_CODE = YES;
				CLANG_WARN__DUPLICATE_METHOD_MATCH = YES;
				"CODE_SIGN_IDENTITY[sdk=iphoneos*]" = "iPhone Developer";
				COPY_PHASE_STRIP = NO;
				CURRENT_PROJECT_VERSION = 1;
				DEBUG_INFORMATION_FORMAT = dwarf;
				ENABLE_STRICT_OBJC_MSGSEND = YES;
				ENABLE_TESTABILITY = YES;
				GCC_C_LANGUAGE_STANDARD = gnu99;
				GCC_DYNAMIC_NO_PIC = NO;
				GCC_NO_COMMON_BLOCKS = YES;
				GCC_OPTIMIZATION_LEVEL = 0;
				GCC_PREPROCESSOR_DEFINITIONS = (
					"DEBUG=1",
					"$(inherited)",
				);
				GCC_WARN_64_TO_32_BIT_CONVERSION = YES;
				GCC_WARN_ABOUT_RETURN_TYPE = YES_ERROR;
				GCC_WARN_UNDECLARED_SELECTOR = YES;
				GCC_WARN_UNINITIALIZED_AUTOS = YES_AGGRESSIVE;
				GCC_WARN_UNUSED_FUNCTION = YES;
				GCC_WARN_UNUSED_VARIABLE = YES;
				IPHONEOS_DEPLOYMENT_TARGET = 10.2;
				MTL_ENABLE_DEBUG_INFO = YES;
				ONLY_ACTIVE_ARCH = YES;
				SDKROOT = iphoneos;
				SWIFT_ACTIVE_COMPILATION_CONDITIONS = DEBUG;
				SWIFT_OPTIMIZATION_LEVEL = "-Onone";
				TARGETED_DEVICE_FAMILY = "1,2";
				VERSIONING_SYSTEM = "apple-generic";
				VERSION_INFO_PREFIX = "";
			};
			name = Debug;
		};
		2D57FA481E46171F0043B897 /* Release */ = {
			isa = XCBuildConfiguration;
			buildSettings = {
				ALWAYS_SEARCH_USER_PATHS = NO;
				CLANG_ANALYZER_NONNULL = YES;
				CLANG_CXX_LANGUAGE_STANDARD = "gnu++0x";
				CLANG_CXX_LIBRARY = "libc++";
				CLANG_ENABLE_MODULES = YES;
				CLANG_ENABLE_OBJC_ARC = YES;
				CLANG_WARN_BOOL_CONVERSION = YES;
				CLANG_WARN_CONSTANT_CONVERSION = YES;
				CLANG_WARN_DIRECT_OBJC_ISA_USAGE = YES_ERROR;
				CLANG_WARN_DOCUMENTATION_COMMENTS = YES;
				CLANG_WARN_EMPTY_BODY = YES;
				CLANG_WARN_ENUM_CONVERSION = YES;
				CLANG_WARN_INFINITE_RECURSION = YES;
				CLANG_WARN_INT_CONVERSION = YES;
				CLANG_WARN_OBJC_ROOT_CLASS = YES_ERROR;
				CLANG_WARN_SUSPICIOUS_MOVE = YES;
				CLANG_WARN_UNREACHABLE_CODE = YES;
				CLANG_WARN__DUPLICATE_METHOD_MATCH = YES;
				"CODE_SIGN_IDENTITY[sdk=iphoneos*]" = "iPhone Developer";
				COPY_PHASE_STRIP = NO;
				CURRENT_PROJECT_VERSION = 1;
				DEBUG_INFORMATION_FORMAT = "dwarf-with-dsym";
				ENABLE_NS_ASSERTIONS = NO;
				ENABLE_STRICT_OBJC_MSGSEND = YES;
				GCC_C_LANGUAGE_STANDARD = gnu99;
				GCC_NO_COMMON_BLOCKS = YES;
				GCC_WARN_64_TO_32_BIT_CONVERSION = YES;
				GCC_WARN_ABOUT_RETURN_TYPE = YES_ERROR;
				GCC_WARN_UNDECLARED_SELECTOR = YES;
				GCC_WARN_UNINITIALIZED_AUTOS = YES_AGGRESSIVE;
				GCC_WARN_UNUSED_FUNCTION = YES;
				GCC_WARN_UNUSED_VARIABLE = YES;
				IPHONEOS_DEPLOYMENT_TARGET = 10.2;
				MTL_ENABLE_DEBUG_INFO = NO;
				SDKROOT = iphoneos;
				SWIFT_OPTIMIZATION_LEVEL = "-Owholemodule";
				TARGETED_DEVICE_FAMILY = "1,2";
				VALIDATE_PRODUCT = YES;
				VERSIONING_SYSTEM = "apple-generic";
				VERSION_INFO_PREFIX = "";
			};
			name = Release;
		};
		2D57FA4A1E46171F0043B897 /* Debug */ = {
			isa = XCBuildConfiguration;
			baseConfigurationReference = 4772F178EAD6DE88DFC74BFB /* Pods-EverLayout.debug.xcconfig */;
			buildSettings = {
				CLANG_ENABLE_MODULES = YES;
				CODE_SIGN_IDENTITY = "";
				DEFINES_MODULE = YES;
				DEVELOPMENT_TEAM = TXS69XU8F2;
				DYLIB_COMPATIBILITY_VERSION = 1;
				DYLIB_CURRENT_VERSION = 1;
				DYLIB_INSTALL_NAME_BASE = "@rpath";
				FRAMEWORK_SEARCH_PATHS = (
					"$(inherited)",
					"$(PROJECT_DIR)",
					"$(PROJECT_DIR)/EverLayout/Resources",
				);
				INFOPLIST_FILE = EverLayout/Info.plist;
				INSTALL_PATH = "$(LOCAL_LIBRARY_DIR)/Frameworks";
				LD_RUNPATH_SEARCH_PATHS = "$(inherited) @executable_path/Frameworks @loader_path/Frameworks";
				PRODUCT_BUNDLE_IDENTIFIER = DaleWebster.EverLayout;
				PRODUCT_NAME = "$(TARGET_NAME)";
				SKIP_INSTALL = YES;
				SWIFT_OPTIMIZATION_LEVEL = "-Onone";
				SWIFT_VERSION = 3.0;
			};
			name = Debug;
		};
		2D57FA4B1E46171F0043B897 /* Release */ = {
			isa = XCBuildConfiguration;
			baseConfigurationReference = FB1E0A82314DB2E45DC79A7B /* Pods-EverLayout.release.xcconfig */;
			buildSettings = {
				CLANG_ENABLE_MODULES = YES;
				CODE_SIGN_IDENTITY = "";
				DEFINES_MODULE = YES;
				DEVELOPMENT_TEAM = TXS69XU8F2;
				DYLIB_COMPATIBILITY_VERSION = 1;
				DYLIB_CURRENT_VERSION = 1;
				DYLIB_INSTALL_NAME_BASE = "@rpath";
				FRAMEWORK_SEARCH_PATHS = (
					"$(inherited)",
					"$(PROJECT_DIR)",
					"$(PROJECT_DIR)/EverLayout/Resources",
				);
				INFOPLIST_FILE = EverLayout/Info.plist;
				INSTALL_PATH = "$(LOCAL_LIBRARY_DIR)/Frameworks";
				LD_RUNPATH_SEARCH_PATHS = "$(inherited) @executable_path/Frameworks @loader_path/Frameworks";
				PRODUCT_BUNDLE_IDENTIFIER = DaleWebster.EverLayout;
				PRODUCT_NAME = "$(TARGET_NAME)";
				SKIP_INSTALL = YES;
				SWIFT_VERSION = 3.0;
			};
			name = Release;
		};
/* End XCBuildConfiguration section */

/* Begin XCConfigurationList section */
		2D57FA3B1E46171E0043B897 /* Build configuration list for PBXProject "EverLayout" */ = {
			isa = XCConfigurationList;
			buildConfigurations = (
				2D57FA471E46171F0043B897 /* Debug */,
				2D57FA481E46171F0043B897 /* Release */,
			);
			defaultConfigurationIsVisible = 0;
			defaultConfigurationName = Release;
		};
		2D57FA491E46171F0043B897 /* Build configuration list for PBXNativeTarget "EverLayout" */ = {
			isa = XCConfigurationList;
			buildConfigurations = (
				2D57FA4A1E46171F0043B897 /* Debug */,
				2D57FA4B1E46171F0043B897 /* Release */,
			);
			defaultConfigurationIsVisible = 0;
			defaultConfigurationName = Release;
		};
/* End XCConfigurationList section */
	};
	rootObject = 2D57FA381E46171E0043B897 /* Project object */;
}
